
Microsoft Visual Studio Solution File, Format Version 12.00
# Visual Studio Version 16
VisualStudioVersion = 16.0.29609.76
MinimumVisualStudioVersion = 10.0.40219.1
Project("{9A19103F-16F7-4668-BE54-9A1E7A4F7556}") = "RdkafkaSaslSspiWrapper", "RdkafkaSaslSspiWrapper\RdkafkaSaslSspiWrapper.csproj", "{1C510FBC-95C5-4E5F-9C29-833C2B7E63A8}"
EndProject
Global
	GlobalSection(SolutionConfigurationPlatforms) = preSolution
		Debug|Any CPU = Debug|Any CPU
		Release|Any CPU = Release|Any CPU
	EndGlobalSection
	GlobalSection(ProjectConfigurationPlatforms) = postSolution
		{1C510FBC-95C5-4E5F-9C29-833C2B7E63A8}.Debug|Any CPU.ActiveCfg = Debug|Any CPU
		{1C510FBC-95C5-4E5F-9C29-833C2B7E63A8}.Debug|Any CPU.Build.0 = Debug|Any CPU
		{1C510FBC-95C5-4E5F-9C29-833C2B7E63A8}.Release|Any CPU.ActiveCfg = Release|Any CPU
		{1C510FBC-95C5-4E5F-9C29-833C2B7E63A8}.Release|Any CPU.Build.0 = Release|Any CPU
	EndGlobalSection
	GlobalSection(SolutionProperties) = preSolution
		HideSolutionNode = FALSE
	EndGlobalSection
	GlobalSection(ExtensibilityGlobals) = postSolution
		SolutionGuid = {4E3A7134-675B-403C-ACFA-10EFC2821980}
	EndGlobalSection
EndGlobal
